github.com/ebitengine/purego v0.8.3 h1:K+0AjQp63JEZTEMZiwsI9g0+hAMNohwUOtY0RPGexmc=
github.com/ebitengine/purego v0.8.3/go.mod h1:iIjxzd6CiRiOG0UyXP+V1+jWqUXVjPKLAI0mRfJZTmQ=
github.com/gen2brain/avif v0.4.4 h1:Ga/ss7qcWWQm2bxFpnjYjhJsNfZrWs5RsyklgFjKRSE=
github.com/gen2brain/avif v0.4.4/go.mod h1:/XCaJcjZraQwKVhpu9aEd9aLOssYOawLvhMBtmHVGqk=
github.com/nfnt/resize v0.0.0-20180221191011-83c6a9932646 h1:zYyBkD/k9seD2A7fsi6Oo2LfFZAehjjQMERAvZLEDnQ=
github.com/nfnt/resize v0.0.0-20180221191011-83c6a9932646/go.mod h1:jpp1/29i3P1S/RLdc7JQKbRpFeM1dOBd8T9ki5s+AY8=
github.com/tetratelabs/wazero v1.9.0 h1:IcZ56OuxrtaEz8UYNRHBrUa9bYeX9oVY93KspZZBf/I=
github.com/tetratelabs/wazero v1.9.0/go.mod h1:TSbcXCfFP0L2FGkRPxHphadXPjo1T6W+CseNNY7EkjM=
github.com/vegidio/avif-go v0.0.0-20260201182506-481b88104109 h1:wSaWWTqFdViGLGTZLP/nHqeTLmca/3Ypnr+60dJxME8=
github.com/vegidio/avif-go v0.0.0-20260201182506-481b88104109/go.mod h1:/ITCFP53XCH3zFZZLLtPm3jRqsv5CMgefZl4UCuP1rs=
